{
  "version": 4,
  "terraform_version": "0.13.5",
  "serial": 7,
  "lineage": "c0f88a30-0703-9a29-f795-c43f11695306",
  "outputs": {},
  "resources": [
    {
      "mode": "managed",
      "type": "yandex_compute_instance",
      "name": "docker-host",
      "provider": "provider[\"registry.terraform.io/yandex-cloud/yandex\"]",
      "instances": [
        {
          "index_key": 0,
          "schema_version": 1,
          "attributes": {
            "allow_stopping_for_update": null,
            "boot_disk": [
              {
                "auto_delete": true,
                "device_name": "fhmk5asdlflf0gl0cfae",
                "disk_id": "fhmk5asdlflf0gl0cfae",
                "initialize_params": [
                  {
                    "description": "",
                    "image_id": "fd8fjtn3mj2kfe7h6f0r",
                    "name": "",
                    "size": 15,
                    "snapshot_id": "",
                    "type": "network-hdd"
                  }
                ],
                "mode": "READ_WRITE"
              }
            ],
            "created_at": "2021-01-14T17:17:37Z",
            "description": "",
            "folder_id": "b1g7rnu8v9blnov6283p",
            "fqdn": "fhms75el6ha8drr1qt54.auto.internal",
            "hostname": "fhms75el6ha8drr1qt54",
            "id": "fhms75el6ha8drr1qt54",
            "labels": null,
            "metadata": {
              "ssh-keys": "ubuntu:ssh-rsa AAAAB3NzaC1yc2EAAAADAQABAAABAQCyaPx5wq1JvPfn91XbWDEsiPRUlPzjDwsNrKDgfSjTbucryfnXibOT8Fbm6MBK4XfjX+kxczBjyvd/Zw/BlzUTwm2y68MRp9QsYXERPmgjOJZpBni0vNRqK2hy0JuLoxYid3EiQIMCbk7aoGCHZ+TNpTHLfKa890sJDz1LvA7fLIhmV1VXR/EZdfK1Mrqcpa7IFapLQqk0afpMf1FlvblTFG7vfB6TYo3MJGIvUTO204Z6ajMBJ6VxB+gc6SELV6QLN5X6LEPBckyJvRIoSX+kPUtt+ilLXRnnTv9noCLEffGMTzaVRp6i4a4EQgi/3TkvYjz2tmi/a5QnIbPdcfKn kdobrynin@astralinux.ru\n"
            },
            "name": "docker-host-00",
            "network_acceleration_type": "standard",
            "network_interface": [
              {
                "index": 0,
                "ip_address": "10.130.0.35",
                "ipv4": true,
                "ipv6": false,
                "ipv6_address": "",
                "mac_address": "d0:0d:1c:39:5d:53",
                "nat": true,
                "nat_ip_address": "84.201.172.183",
                "nat_ip_version": "IPV4",
                "security_group_ids": [],
                "subnet_id": "e9b8jq70j2bafkcv156b"
              }
            ],
            "platform_id": "standard-v1",
            "resources": [
              {
                "core_fraction": 100,
                "cores": 2,
                "gpus": 0,
                "memory": 2
              }
            ],
            "scheduling_policy": [
              {
                "preemptible": false
              }
            ],
            "secondary_disk": [],
            "service_account_id": "",
            "status": "running",
            "timeouts": null,
            "zone": "ru-central1-a"
          },
          "private": "eyJlMmJmYjczMC1lY2FhLTExZTYtOGY4OC0zNDM2M2JjN2M0YzAiOnsiY3JlYXRlIjozMDAwMDAwMDAwMDAsImRlbGV0ZSI6MzAwMDAwMDAwMDAwLCJ1cGRhdGUiOjMwMDAwMDAwMDAwMH0sInNjaGVtYV92ZXJzaW9uIjoiMSJ9"
        }
      ]
    }
  ]
}
